
Microsoft Visual Studio Solution File, Format Version 11.00
# Visual Studio 2010
Project("{F184B08F-C81C-45F6-A57F-5ABD9991F28F}") = "WebFormAPEX", "WebFormAPEX\WebFormAPEX.vbproj", "{AB88C5C0-EEA7-426E-80EA-6F81961D4E93}"
EndProject
Global
	GlobalSection(SolutionConfigurationPlatforms) = preSolution
		Debug|Any CPU = Debug|Any CPU
		Release|Any CPU = Release|Any CPU
	EndGlobalSection
	GlobalSection(ProjectConfigurationPlatforms) = postSolution
		{AB88C5C0-EEA7-426E-80EA-6F81961D4E93}.Debug|Any CPU.ActiveCfg = Debug|Any CPU
		{AB88C5C0-EEA7-426E-80EA-6F81961D4E93}.Debug|Any CPU.Build.0 = Debug|Any CPU
		{AB88C5C0-EEA7-426E-80EA-6F81961D4E93}.Release|Any CPU.ActiveCfg = Release|Any CPU
		{AB88C5C0-EEA7-426E-80EA-6F81961D4E93}.Release|Any CPU.Build.0 = Release|Any CPU
	EndGlobalSection
	GlobalSection(SolutionProperties) = preSolution
		HideSolutionNode = FALSE
	EndGlobalSection
EndGlobal
